
Microsoft Visual Studio Solution File, Format Version 12.00
# Visual Studio Version 17
VisualStudioVersion = 17.9.34607.119
MinimumVisualStudioVersion = 10.0.40219.1
Project("{FAE04EC0-301F-11D3-BF4B-00C04F79EFBC}") = "5.unite uygulama 17", "5.unite uygulama 17\5.unite uygulama 17.csproj", "{53CB1725-839D-430F-83ED-5EE10CCB3CBF}"
EndProject
Global
	GlobalSection(SolutionConfigurationPlatforms) = preSolution
		Debug|Any CPU = Debug|Any CPU
		Release|Any CPU = Release|Any CPU
	EndGlobalSection
	GlobalSection(ProjectConfigurationPlatforms) = postSolution
		{53CB1725-839D-430F-83ED-5EE10CCB3CBF}.Debug|Any CPU.ActiveCfg = Debug|Any CPU
		{53CB1725-839D-430F-83ED-5EE10CCB3CBF}.Debug|Any CPU.Build.0 = Debug|Any CPU
		{53CB1725-839D-430F-83ED-5EE10CCB3CBF}.Release|Any CPU.ActiveCfg = Release|Any CPU
		{53CB1725-839D-430F-83ED-5EE10CCB3CBF}.Release|Any CPU.Build.0 = Release|Any CPU
	EndGlobalSection
	GlobalSection(SolutionProperties) = preSolution
		HideSolutionNode = FALSE
	EndGlobalSection
	GlobalSection(ExtensibilityGlobals) = postSolution
		SolutionGuid = {7BFD6F9C-FD37-4964-A7F6-1DB824ABFDED}
	EndGlobalSection
EndGlobal
